
Microsoft Visual Studio Solution File, Format Version 12.00
# Visual Studio 15
VisualStudioVersion = 15.0.28307.438
MinimumVisualStudioVersion = 10.0.40219.1
Project("{888888A0-9F3D-457C-B088-3A5042F75D52}") = "Python_Learning", "Python_Learning\Python_Learning.pyproj", "{7C15EACC-A88D-4DE8-BC20-51B65782A498}"
EndProject
Global
	GlobalSection(SolutionConfigurationPlatforms) = preSolution
		Debug|Any CPU = Debug|Any CPU
		Release|Any CPU = Release|Any CPU
	EndGlobalSection
	GlobalSection(ProjectConfigurationPlatforms) = postSolution
		{7C15EACC-A88D-4DE8-BC20-51B65782A498}.Debug|Any CPU.ActiveCfg = Debug|Any CPU
		{7C15EACC-A88D-4DE8-BC20-51B65782A498}.Release|Any CPU.ActiveCfg = Release|Any CPU
	EndGlobalSection
	GlobalSection(SolutionProperties) = preSolution
		HideSolutionNode = FALSE
	EndGlobalSection
	GlobalSection(ExtensibilityGlobals) = postSolution
		SolutionGuid = {E458B51F-724C-46DF-B722-9652D85FE41C}
	EndGlobalSection
EndGlobal
